// !$*UTF8*$!
{
	archiveVersion = 1;
	classes = {
	};
	objectVersion = 50;
	objects = {

/* Begin PBXBuildFile section */
		633F2685209A88C600D9C1C3 /* CharacterMappable.swift in Sources */ = {isa = PBXBuildFile; fileRef = 633F2684209A88C600D9C1C3 /* CharacterMappable.swift */; };
		633F2688209A8DF100D9C1C3 /* CoreDataManager.swift in Sources */ = {isa = PBXBuildFile; fileRef = 633F2687209A8DF100D9C1C3 /* CoreDataManager.swift */; };
		63B45E27209D31860059AEC3 /* hero.ttf in Resources */ = {isa = PBXBuildFile; fileRef = 63B45E26209D31860059AEC3 /* hero.ttf */; };
		63B45E34209DE5B00059AEC3 /* NextPageLoaderCell.swift in Sources */ = {isa = PBXBuildFile; fileRef = 63B45E2F209DE5B00059AEC3 /* NextPageLoaderCell.swift */; };
		63B45E35209DE5B00059AEC3 /* NextPageLoaderCell.xib in Resources */ = {isa = PBXBuildFile; fileRef = 63B45E30209DE5B00059AEC3 /* NextPageLoaderCell.xib */; };
		63B45E36209DE5B00059AEC3 /* NoResultView.xib in Resources */ = {isa = PBXBuildFile; fileRef = 63B45E31209DE5B00059AEC3 /* NoResultView.xib */; };
		63B45E37209DE5B00059AEC3 /* ErrorView.xib in Resources */ = {isa = PBXBuildFile; fileRef = 63B45E32209DE5B00059AEC3 /* ErrorView.xib */; };
		63B45E38209DE5B00059AEC3 /* LoadingView.xib in Resources */ = {isa = PBXBuildFile; fileRef = 63B45E33209DE5B00059AEC3 /* LoadingView.xib */; };
		63B45E3C209E37AA0059AEC3 /* CharacterCoreDataManager.swift in Sources */ = {isa = PBXBuildFile; fileRef = 63B45E3B209E37AA0059AEC3 /* CharacterCoreDataManager.swift */; };
		63C15CD820979F0500698998 /* AppDelegate.swift in Sources */ = {isa = PBXBuildFile; fileRef = 63C15CD720979F0500698998 /* AppDelegate.swift */; };
		63C15CDA20979F0500698998 /* CharactersViewController.swift in Sources */ = {isa = PBXBuildFile; fileRef = 63C15CD920979F0500698998 /* CharactersViewController.swift */; };
		63C15CDD20979F0500698998 /* Main.storyboard in Resources */ = {isa = PBXBuildFile; fileRef = 63C15CDB20979F0500698998 /* Main.storyboard */; };
		63C15CE020979F0500698998 /* MarvelHeroes.xcdatamodeld in Sources */ = {isa = PBXBuildFile; fileRef = 63C15CDE20979F0500698998 /* MarvelHeroes.xcdatamodeld */; };
		63C15CE220979F0700698998 /* Assets.xcassets in Resources */ = {isa = PBXBuildFile; fileRef = 63C15CE120979F0700698998 /* Assets.xcassets */; };
		63C15CE520979F0700698998 /* LaunchScreen.storyboard in Resources */ = {isa = PBXBuildFile; fileRef = 63C15CE320979F0700698998 /* LaunchScreen.storyboard */; };
		63C15CEF2097AF2A00698998 /* Util.swift in Sources */ = {isa = PBXBuildFile; fileRef = 63C15CEE2097AF2A00698998 /* Util.swift */; };
		63C15CF22097AF5700698998 /* Constants.swift in Sources */ = {isa = PBXBuildFile; fileRef = 63C15CF12097AF5700698998 /* Constants.swift */; };
		63C15CF42097AFA700698998 /* CharactersAPIConnection.swift in Sources */ = {isa = PBXBuildFile; fileRef = 63C15CF32097AFA700698998 /* CharactersAPIConnection.swift */; };
		82FCBECBE1EFACCCCB18573A /* Pods_MarvelHeroes.framework in Frameworks */ = {isa = PBXBuildFile; fileRef = AC42C2B7B56227FBA06D2C89 /* Pods_MarvelHeroes.framework */; };
/* End PBXBuildFile section */

/* Begin PBXFileReference section */
		5AA205E61B616167644A78DB /* Pods-MarvelHeroes.release.xcconfig */ = {isa = PBXFileReference; includeInIndex = 1; lastKnownFileType = text.xcconfig; name = "Pods-MarvelHeroes.release.xcconfig"; path = "Pods/Target Support Files/Pods-MarvelHeroes/Pods-MarvelHeroes.release.xcconfig"; sourceTree = "<group>"; };
		633F2684209A88C600D9C1C3 /* CharacterMappable.swift */ = {isa = PBXFileReference; lastKnownFileType = sourcecode.swift; path = CharacterMappable.swift; sourceTree = "<group>"; };
		633F2687209A8DF100D9C1C3 /* CoreDataManager.swift */ = {isa = PBXFileReference; lastKnownFileType = sourcecode.swift; path = CoreDataManager.swift; sourceTree = "<group>"; };
		63B45E26209D31860059AEC3 /* hero.ttf */ = {isa = PBXFileReference; lastKnownFileType = file; path = hero.ttf; sourceTree = "<group>"; };
		63B45E2F209DE5B00059AEC3 /* NextPageLoaderCell.swift */ = {isa = PBXFileReference; fileEncoding = 4; lastKnownFileType = sourcecode.swift; path = NextPageLoaderCell.swift; sourceTree = "<group>"; };
		63B45E30209DE5B00059AEC3 /* NextPageLoaderCell.xib */ = {isa = PBXFileReference; fileEncoding = 4; lastKnownFileType = file.xib; path = NextPageLoaderCell.xib; sourceTree = "<group>"; };
		63B45E31209DE5B00059AEC3 /* NoResultView.xib */ = {isa = PBXFileReference; fileEncoding = 4; lastKnownFileType = file.xib; path = NoResultView.xib; sourceTree = "<group>"; };
		63B45E32209DE5B00059AEC3 /* ErrorView.xib */ = {isa = PBXFileReference; fileEncoding = 4; lastKnownFileType = file.xib; path = ErrorView.xib; sourceTree = "<group>"; };
		63B45E33209DE5B00059AEC3 /* LoadingView.xib */ = {isa = PBXFileReference; fileEncoding = 4; lastKnownFileType = file.xib; path = LoadingView.xib; sourceTree = "<group>"; };
		63B45E3B209E37AA0059AEC3 /* CharacterCoreDataManager.swift */ = {isa = PBXFileReference; lastKnownFileType = sourcecode.swift; path = CharacterCoreDataManager.swift; sourceTree = "<group>"; };
		63C15CD420979F0500698998 /* MarvelHeroes.app */ = {isa = PBXFileReference; explicitFileType = wrapper.application; includeInIndex = 0; path = MarvelHeroes.app; sourceTree = BUILT_PRODUCTS_DIR; };
		63C15CD720979F0500698998 /* AppDelegate.swift */ = {isa = PBXFileReference; lastKnownFileType = sourcecode.swift; path = AppDelegate.swift; sourceTree = "<group>"; };
		63C15CD920979F0500698998 /* CharactersViewController.swift */ = {isa = PBXFileReference; lastKnownFileType = sourcecode.swift; path = CharactersViewController.swift; sourceTree = "<group>"; };
		63C15CDC20979F0500698998 /* Base */ = {isa = PBXFileReference; lastKnownFileType = file.storyboard; name = Base; path = Base.lproj/Main.storyboard; sourceTree = "<group>"; };
		63C15CDF20979F0500698998 /* MarvelHeroes.xcdatamodel */ = {isa = PBXFileReference; lastKnownFileType = wrapper.xcdatamodel; path = MarvelHeroes.xcdatamodel; sourceTree = "<group>"; };
		63C15CE120979F0700698998 /* Assets.xcassets */ = {isa = PBXFileReference; lastKnownFileType = folder.assetcatalog; path = Assets.xcassets; sourceTree = "<group>"; };
		63C15CE420979F0700698998 /* Base */ = {isa = PBXFileReference; lastKnownFileType = file.storyboard; name = Base; path = Base.lproj/LaunchScreen.storyboard; sourceTree = "<group>"; };
		63C15CE620979F0700698998 /* Info.plist */ = {isa = PBXFileReference; lastKnownFileType = text.plist.xml; path = Info.plist; sourceTree = "<group>"; };
		63C15CEE2097AF2A00698998 /* Util.swift */ = {isa = PBXFileReference; lastKnownFileType = sourcecode.swift; path = Util.swift; sourceTree = "<group>"; };
		63C15CF12097AF5700698998 /* Constants.swift */ = {isa = PBXFileReference; lastKnownFileType = sourcecode.swift; path = Constants.swift; sourceTree = "<group>"; };
		63C15CF32097AFA700698998 /* CharactersAPIConnection.swift */ = {isa = PBXFileReference; lastKnownFileType = sourcecode.swift; path = CharactersAPIConnection.swift; sourceTree = "<group>"; };
		95906915C40039077734233A /* Pods-MarvelHeroes.debug.xcconfig */ = {isa = PBXFileReference; includeInIndex = 1; lastKnownFileType = text.xcconfig; name = "Pods-MarvelHeroes.debug.xcconfig"; path = "Pods/Target Support Files/Pods-MarvelHeroes/Pods-MarvelHeroes.debug.xcconfig"; sourceTree = "<group>"; };
		AC42C2B7B56227FBA06D2C89 /* Pods_MarvelHeroes.framework */ = {isa = PBXFileReference; explicitFileType = wrapper.framework; includeInIndex = 0; path = Pods_MarvelHeroes.framework; sourceTree = BUILT_PRODUCTS_DIR; };
/* End PBXFileReference section */

/* Begin PBXFrameworksBuildPhase section */
		63C15CD120979F0500698998 /* Frameworks */ = {
			isa = PBXFrameworksBuildPhase;
			buildActionMask = 2147483647;
			files = (
				82FCBECBE1EFACCCCB18573A /* Pods_MarvelHeroes.framework in Frameworks */,
			);
			runOnlyForDeploymentPostprocessing = 0;
		};
/* End PBXFrameworksBuildPhase section */

/* Begin PBXGroup section */
		5D970FA7319B9B23BAC1E5F5 /* Frameworks */ = {
			isa = PBXGroup;
			children = (
				AC42C2B7B56227FBA06D2C89 /* Pods_MarvelHeroes.framework */,
			);
			name = Frameworks;
			sourceTree = "<group>";
		};
		633F2686209A88CC00D9C1C3 /* Model */ = {
			isa = PBXGroup;
			children = (
				633F2684209A88C600D9C1C3 /* CharacterMappable.swift */,
			);
			path = Model;
			sourceTree = "<group>";
		};
		633F2689209A8DF500D9C1C3 /* DataManager */ = {
			isa = PBXGroup;
			children = (
				633F2687209A8DF100D9C1C3 /* CoreDataManager.swift */,
				63B45E3B209E37AA0059AEC3 /* CharacterCoreDataManager.swift */,
			);
			path = DataManager;
			sourceTree = "<group>";
		};
		63B45E39209DE5B70059AEC3 /* Loading&ErrorViews */ = {
			isa = PBXGroup;
			children = (
				63B45E32209DE5B00059AEC3 /* ErrorView.xib */,
				63B45E33209DE5B00059AEC3 /* LoadingView.xib */,
				63B45E2F209DE5B00059AEC3 /* NextPageLoaderCell.swift */,
				63B45E30209DE5B00059AEC3 /* NextPageLoaderCell.xib */,
				63B45E31209DE5B00059AEC3 /* NoResultView.xib */,
			);
			path = "Loading&ErrorViews";
			sourceTree = "<group>";
		};
		63B45E3A209DF6A90059AEC3 /* Views */ = {
			isa = PBXGroup;
			children = (
				63B45E39209DE5B70059AEC3 /* Loading&ErrorViews */,
				63C15CDB20979F0500698998 /* Main.storyboard */,
			);
			path = Views;
			sourceTree = "<group>";
		};
		63C15CCB20979F0500698998 = {
			isa = PBXGroup;
			children = (
				63C15CD620979F0500698998 /* MarvelHeroes */,
				63C15CD520979F0500698998 /* Products */,
				C628B64AD35D895301539C7B /* Pods */,
				5D970FA7319B9B23BAC1E5F5 /* Frameworks */,
			);
			sourceTree = "<group>";
		};
		63C15CD520979F0500698998 /* Products */ = {
			isa = PBXGroup;
			children = (
				63C15CD420979F0500698998 /* MarvelHeroes.app */,
			);
			name = Products;
			sourceTree = "<group>";
		};
		63C15CD620979F0500698998 /* MarvelHeroes */ = {
			isa = PBXGroup;
			children = (
				63C15CD720979F0500698998 /* AppDelegate.swift */,
				63B45E3A209DF6A90059AEC3 /* Views */,
				63C15CED2097AF1400698998 /* Controllers */,
				63C15CF52097AFAA00698998 /* APIConnection */,
				633F2689209A8DF500D9C1C3 /* DataManager */,
				633F2686209A88CC00D9C1C3 /* Model */,
				63C15CF02097AF2F00698998 /* Util */,
				63C15CEC2097AE8300698998 /* Supporting Files */,
			);
			path = MarvelHeroes;
			sourceTree = "<group>";
		};
		63C15CEC2097AE8300698998 /* Supporting Files */ = {
			isa = PBXGroup;
			children = (
				63C15CE620979F0700698998 /* Info.plist */,
				63C15CE120979F0700698998 /* Assets.xcassets */,
				63C15CE320979F0700698998 /* LaunchScreen.storyboard */,
				63C15CDE20979F0500698998 /* MarvelHeroes.xcdatamodeld */,
				63B45E26209D31860059AEC3 /* hero.ttf */,
			);
			path = "Supporting Files";
			sourceTree = "<group>";
		};
		63C15CED2097AF1400698998 /* Controllers */ = {
			isa = PBXGroup;
			children = (
				63C15CD920979F0500698998 /* CharactersViewController.swift */,
			);
			path = Controllers;
			sourceTree = "<group>";
		};
		63C15CF02097AF2F00698998 /* Util */ = {
			isa = PBXGroup;
			children = (
				63C15CF12097AF5700698998 /* Constants.swift */,
				63C15CEE2097AF2A00698998 /* Util.swift */,
			);
			path = Util;
			sourceTree = "<group>";
		};
		63C15CF52097AFAA00698998 /* APIConnection */ = {
			isa = PBXGroup;
			children = (
				63C15CF32097AFA700698998 /* CharactersAPIConnection.swift */,
			);
			path = APIConnection;
			sourceTree = "<group>";
		};
		C628B64AD35D895301539C7B /* Pods */ = {
			isa = PBXGroup;
			children = (
				95906915C40039077734233A /* Pods-MarvelHeroes.debug.xcconfig */,
				5AA205E61B616167644A78DB /* Pods-MarvelHeroes.release.xcconfig */,
			);
			name = Pods;
			sourceTree = "<group>";
		};
/* End PBXGroup section */

/* Begin PBXNativeTarget section */
		63C15CD320979F0500698998 /* MarvelHeroes */ = {
			isa = PBXNativeTarget;
			buildConfigurationList = 63C15CE920979F0700698998 /* Build configuration list for PBXNativeTarget "MarvelHeroes" */;
			buildPhases = (
				DECD4483341611DC5C3EE95E /* [CP] Check Pods Manifest.lock */,
				63C15CD020979F0500698998 /* Sources */,
				63C15CD120979F0500698998 /* Frameworks */,
				63C15CD220979F0500698998 /* Resources */,
				CD426BC0A87DF51497C38B65 /* [CP] Embed Pods Frameworks */,
			);
			buildRules = (
			);
			dependencies = (
			);
			name = MarvelHeroes;
			productName = MarvelHeroes;
			productReference = 63C15CD420979F0500698998 /* MarvelHeroes.app */;
			productType = "com.apple.product-type.application";
		};
/* End PBXNativeTarget section */

/* Begin PBXProject section */
		63C15CCC20979F0500698998 /* Project object */ = {
			isa = PBXProject;
			attributes = {
				LastSwiftUpdateCheck = 0930;
				LastUpgradeCheck = 0930;
				ORGANIZATIONNAME = "Haroldo Gondim";
				TargetAttributes = {
					63C15CD320979F0500698998 = {
						CreatedOnToolsVersion = 9.3;
					};
				};
			};
			buildConfigurationList = 63C15CCF20979F0500698998 /* Build configuration list for PBXProject "MarvelHeroes" */;
			compatibilityVersion = "Xcode 9.3";
			developmentRegion = en;
			hasScannedForEncodings = 0;
			knownRegions = (
				en,
				Base,
			);
			mainGroup = 63C15CCB20979F0500698998;
			productRefGroup = 63C15CD520979F0500698998 /* Products */;
			projectDirPath = "";
			projectRoot = "";
			targets = (
				63C15CD320979F0500698998 /* MarvelHeroes */,
			);
		};
/* End PBXProject section */

/* Begin PBXResourcesBuildPhase section */
		63C15CD220979F0500698998 /* Resources */ = {
			isa = PBXResourcesBuildPhase;
			buildActionMask = 2147483647;
			files = (
				63C15CE520979F0700698998 /* LaunchScreen.storyboard in Resources */,
				63B45E38209DE5B00059AEC3 /* LoadingView.xib in Resources */,
				63C15CE220979F0700698998 /* Assets.xcassets in Resources */,
				63B45E35209DE5B00059AEC3 /* NextPageLoaderCell.xib in Resources */,
				63B45E27209D31860059AEC3 /* hero.ttf in Resources */,
				63B45E37209DE5B00059AEC3 /* ErrorView.xib in Resources */,
				63B45E36209DE5B00059AEC3 /* NoResultView.xib in Resources */,
				63C15CDD20979F0500698998 /* Main.storyboard in Resources */,
			);
			runOnlyForDeploymentPostprocessing = 0;
		};
/* End PBXResourcesBuildPhase section */

/* Begin PBXShellScriptBuildPhase section */
		CD426BC0A87DF51497C38B65 /* [CP] Embed Pods Frameworks */ = {
			isa = PBXShellScriptBuildPhase;
			buildActionMask = 2147483647;
			files = (
			);
			inputPaths = (
				"${SRCROOT}/Pods/Target Support Files/Pods-MarvelHeroes/Pods-MarvelHeroes-frameworks.sh",
				"${BUILT_PRODUCTS_DIR}/AZCollectionViewController/AZCollectionViewController.framework",
				"${BUILT_PRODUCTS_DIR}/Alamofire/Alamofire.framework",
				"${BUILT_PRODUCTS_DIR}/AlamofireObjectMapper/AlamofireObjectMapper.framework",
				"${BUILT_PRODUCTS_DIR}/CryptoSwift/CryptoSwift.framework",
				"${BUILT_PRODUCTS_DIR}/ObjectMapper/ObjectMapper.framework",
				"${BUILT_PRODUCTS_DIR}/ReachabilitySwift/Reachability.framework",
				"${BUILT_PRODUCTS_DIR}/SDWebImage/SDWebImage.framework",
			);
			name = "[CP] Embed Pods Frameworks";
			outputPaths = (
				"${TARGET_BUILD_DIR}/${FRAMEWORKS_FOLDER_PATH}/AZCollectionViewController.framework",
				"${TARGET_BUILD_DIR}/${FRAMEWORKS_FOLDER_PATH}/Alamofire.framework",
				"${TARGET_BUILD_DIR}/${FRAMEWORKS_FOLDER_PATH}/AlamofireObjectMapper.framework",
				"${TARGET_BUILD_DIR}/${FRAMEWORKS_FOLDER_PATH}/CryptoSwift.framework",
				"${TARGET_BUILD_DIR}/${FRAMEWORKS_FOLDER_PATH}/ObjectMapper.framework",
				"${TARGET_BUILD_DIR}/${FRAMEWORKS_FOLDER_PATH}/Reachability.framework",
				"${TARGET_BUILD_DIR}/${FRAMEWORKS_FOLDER_PATH}/SDWebImage.framework",
			);
			runOnlyForDeploymentPostprocessing = 0;
			shellPath = /bin/sh;
			shellScript = "\"${SRCROOT}/Pods/Target Support Files/Pods-MarvelHeroes/Pods-MarvelHeroes-frameworks.sh\"\n";
			showEnvVarsInLog = 0;
		};
		DECD4483341611DC5C3EE95E /* [CP] Check Pods Manifest.lock */ = {
			isa = PBXShellScriptBuildPhase;
			buildActionMask = 2147483647;
			files = (
			);
			inputPaths = (
				"${PODS_PODFILE_DIR_PATH}/Podfile.lock",
				"${PODS_ROOT}/Manifest.lock",
			);
			name = "[CP] Check Pods Manifest.lock";
			outputPaths = (
				"$(DERIVED_FILE_DIR)/Pods-MarvelHeroes-checkManifestLockResult.txt",
			);
			runOnlyForDeploymentPostprocessing = 0;
			shellPath = /bin/sh;
			shellScript = "diff \"${PODS_PODFILE_DIR_PATH}/Podfile.lock\" \"${PODS_ROOT}/Manifest.lock\" > /dev/null\nif [ $? != 0 ] ; then\n    # print error to STDERR\n    echo \"error: The sandbox is not in sync with the Podfile.lock. Run 'pod install' or update your CocoaPods installation.\" >&2\n    exit 1\nfi\n# This output is used by Xcode 'outputs' to avoid re-running this script phase.\necho \"SUCCESS\" > \"${SCRIPT_OUTPUT_FILE_0}\"\n";
			showEnvVarsInLog = 0;
		};
/* End PBXShellScriptBuildPhase section */

/* Begin PBXSourcesBuildPhase section */
		63C15CD020979F0500698998 /* Sources */ = {
			isa = PBXSourcesBuildPhase;
			buildActionMask = 2147483647;
			files = (
				63C15CF22097AF5700698998 /* Constants.swift in Sources */,
				63C15CDA20979F0500698998 /* CharactersViewController.swift in Sources */,
				633F2685209A88C600D9C1C3 /* CharacterMappable.swift in Sources */,
				63C15CD820979F0500698998 /* AppDelegate.swift in Sources */,
				63C15CE020979F0500698998 /* MarvelHeroes.xcdatamodeld in Sources */,
				63B45E34209DE5B00059AEC3 /* NextPageLoaderCell.swift in Sources */,
				63C15CF42097AFA700698998 /* CharactersAPIConnection.swift in Sources */,
				633F2688209A8DF100D9C1C3 /* CoreDataManager.swift in Sources */,
				63B45E3C209E37AA0059AEC3 /* CharacterCoreDataManager.swift in Sources */,
				63C15CEF2097AF2A00698998 /* Util.swift in Sources */,
			);
			runOnlyForDeploymentPostprocessing = 0;
		};
/* End PBXSourcesBuildPhase section */

/* Begin PBXVariantGroup section */
		63C15CDB20979F0500698998 /* Main.storyboard */ = {
			isa = PBXVariantGroup;
			children = (
				63C15CDC20979F0500698998 /* Base */,
			);
			name = Main.storyboard;
			sourceTree = "<group>";
		};
		63C15CE320979F0700698998 /* LaunchScreen.storyboard */ = {
			isa = PBXVariantGroup;
			children = (
				63C15CE420979F0700698998 /* Base */,
			);
			name = LaunchScreen.storyboard;
			sourceTree = "<group>";
		};
/* End PBXVariantGroup section */

/* Begin XCBuildConfiguration section */
		63C15CE720979F0700698998 /* Debug */ = {
			isa = XCBuildConfiguration;
			buildSettings = {
				ALWAYS_SEARCH_USER_PATHS = NO;
				CLANG_ANALYZER_NONNULL = YES;
				CLANG_ANALYZER_NUMBER_OBJECT_CONVERSION = YES_AGGRESSIVE;
				CLANG_CXX_LANGUAGE_STANDARD = "gnu++14";
				CLANG_CXX_LIBRARY = "libc++";
				CLANG_ENABLE_MODULES = YES;
				CLANG_ENABLE_OBJC_ARC = YES;
				CLANG_ENABLE_OBJC_WEAK = YES;
				CLANG_WARN_BLOCK_CAPTURE_AUTORELEASING = YES;
				CLANG_WARN_BOOL_CONVERSION = YES;
				CLANG_WARN_COMMA = YES;
				CLANG_WARN_CONSTANT_CONVERSION = YES;
				CLANG_WARN_DEPRECATED_OBJC_IMPLEMENTATIONS = YES;
				CLANG_WARN_DIRECT_OBJC_ISA_USAGE = YES_ERROR;
				CLANG_WARN_DOCUMENTATION_COMMENTS = YES;
				CLANG_WARN_EMPTY_BODY = YES;
				CLANG_WARN_ENUM_CONVERSION = YES;
				CLANG_WARN_INFINITE_RECURSION = YES;
				CLANG_WARN_INT_CONVERSION = YES;
				CLANG_WARN_NON_LITERAL_NULL_CONVERSION = YES;
				CLANG_WARN_OBJC_IMPLICIT_RETAIN_SELF = YES;
				CLANG_WARN_OBJC_LITERAL_CONVERSION = YES;
				CLANG_WARN_OBJC_ROOT_CLASS = YES_ERROR;
				CLANG_WARN_RANGE_LOOP_ANALYSIS = YES;
				CLANG_WARN_STRICT_PROTOTYPES = YES;
				CLANG_WARN_SUSPICIOUS_MOVE = YES;
				CLANG_WARN_UNGUARDED_AVAILABILITY = YES_AGGRESSIVE;
				CLANG_WARN_UNREACHABLE_CODE = YES;
				CLANG_WARN__DUPLICATE_METHOD_MATCH = YES;
				CODE_SIGN_IDENTITY = "iPhone Developer";
				COPY_PHASE_STRIP = NO;
				DEBUG_INFORMATION_FORMAT = dwarf;
				ENABLE_STRICT_OBJC_MSGSEND = YES;
				ENABLE_TESTABILITY = YES;
				GCC_C_LANGUAGE_STANDARD = gnu11;
				GCC_DYNAMIC_NO_PIC = NO;
				GCC_NO_COMMON_BLOCKS = YES;
				GCC_OPTIMIZATION_LEVEL = 0;
				GCC_PREPROCESSOR_DEFINITIONS = (
					"DEBUG=1",
					"$(inherited)",
				);
				GCC_WARN_64_TO_32_BIT_CONVERSION = YES;
				GCC_WARN_ABOUT_RETURN_TYPE = YES_ERROR;
				GCC_WARN_UNDECLARED_SELECTOR = YES;
				GCC_WARN_UNINITIALIZED_AUTOS = YES_AGGRESSIVE;
				GCC_WARN_UNUSED_FUNCTION = YES;
				GCC_WARN_UNUSED_VARIABLE = YES;
				IPHONEOS_DEPLOYMENT_TARGET = 11.3;
				MTL_ENABLE_DEBUG_INFO = YES;
				ONLY_ACTIVE_ARCH = YES;
				SDKROOT = iphoneos;
				SWIFT_ACTIVE_COMPILATION_CONDITIONS = DEBUG;
				SWIFT_OPTIMIZATION_LEVEL = "-Onone";
			};
			name = Debug;
		};
		63C15CE820979F0700698998 /* Release */ = {
			isa = XCBuildConfiguration;
			buildSettings = {
				ALWAYS_SEARCH_USER_PATHS = NO;
				CLANG_ANALYZER_NONNULL = YES;
				CLANG_ANALYZER_NUMBER_OBJECT_CONVERSION = YES_AGGRESSIVE;
				CLANG_CXX_LANGUAGE_STANDARD = "gnu++14";
				CLANG_CXX_LIBRARY = "libc++";
				CLANG_ENABLE_MODULES = YES;
				CLANG_ENABLE_OBJC_ARC = YES;
				CLANG_ENABLE_OBJC_WEAK = YES;
				CLANG_WARN_BLOCK_CAPTURE_AUTORELEASING = YES;
				CLANG_WARN_BOOL_CONVERSION = YES;
				CLANG_WARN_COMMA = YES;
				CLANG_WARN_CONSTANT_CONVERSION = YES;
				CLANG_WARN_DEPRECATED_OBJC_IMPLEMENTATIONS = YES;
				CLANG_WARN_DIRECT_OBJC_ISA_USAGE = YES_ERROR;
				CLANG_WARN_DOCUMENTATION_COMMENTS = YES;
				CLANG_WARN_EMPTY_BODY = YES;
				CLANG_WARN_ENUM_CONVERSION = YES;
				CLANG_WARN_INFINITE_RECURSION = YES;
				CLANG_WARN_INT_CONVERSION = YES;
				CLANG_WARN_NON_LITERAL_NULL_CONVERSION = YES;
				CLANG_WARN_OBJC_IMPLICIT_RETAIN_SELF = YES;
				CLANG_WARN_OBJC_LITERAL_CONVERSION = YES;
				CLANG_WARN_OBJC_ROOT_CLASS = YES_ERROR;
				CLANG_WARN_RANGE_LOOP_ANALYSIS = YES;
				CLANG_WARN_STRICT_PROTOTYPES = YES;
				CLANG_WARN_SUSPICIOUS_MOVE = YES;
				CLANG_WARN_UNGUARDED_AVAILABILITY = YES_AGGRESSIVE;
				CLANG_WARN_UNREACHABLE_CODE = YES;
				CLANG_WARN__DUPLICATE_METHOD_MATCH = YES;
				CODE_SIGN_IDENTITY = "iPhone Developer";
				COPY_PHASE_STRIP = NO;
				DEBUG_INFORMATION_FORMAT = "dwarf-with-dsym";
				ENABLE_NS_ASSERTIONS = NO;
				ENABLE_STRICT_OBJC_MSGSEND = YES;
				GCC_C_LANGUAGE_STANDARD = gnu11;
				GCC_NO_COMMON_BLOCKS = YES;
				GCC_WARN_64_TO_32_BIT_CONVERSION = YES;
				GCC_WARN_ABOUT_RETURN_TYPE = YES_ERROR;
				GCC_WARN_UNDECLARED_SELECTOR = YES;
				GCC_WARN_UNINITIALIZED_AUTOS = YES_AGGRESSIVE;
				GCC_WARN_UNUSED_FUNCTION = YES;
				GCC_WARN_UNUSED_VARIABLE = YES;
				IPHONEOS_DEPLOYMENT_TARGET = 11.3;
				MTL_ENABLE_DEBUG_INFO = NO;
				SDKROOT = iphoneos;
				SWIFT_COMPILATION_MODE = wholemodule;
				SWIFT_OPTIMIZATION_LEVEL = "-O";
				VALIDATE_PRODUCT = YES;
			};
			name = Release;
		};
		63C15CEA20979F0700698998 /* Debug */ = {
			isa = XCBuildConfiguration;
			baseConfigurationReference = 95906915C40039077734233A /* Pods-MarvelHeroes.debug.xcconfig */;
			buildSettings = {
				ASSETCATALOG_COMPILER_APPICON_NAME = AppIcon;
				CODE_SIGN_STYLE = Automatic;
				DEVELOPMENT_TEAM = 8Q6HQ96RC4;
				INFOPLIST_FILE = "$(SRCROOT)/MarvelHeroes/Supporting Files/Info.plist";
				LD_RUNPATH_SEARCH_PATHS = "$(inherited) @executable_path/Frameworks";
				PRODUCT_BUNDLE_IDENTIFIER = net.haroldo.MarvelHeroes;
				PRODUCT_NAME = "$(TARGET_NAME)";
				SWIFT_VERSION = 4.0;
				TARGETED_DEVICE_FAMILY = "1,2";
			};
			name = Debug;
		};
		63C15CEB20979F0700698998 /* Release */ = {
			isa = XCBuildConfiguration;
			baseConfigurationReference = 5AA205E61B616167644A78DB /* Pods-MarvelHeroes.release.xcconfig */;
			buildSettings = {
				ASSETCATALOG_COMPILER_APPICON_NAME = AppIcon;
				CODE_SIGN_STYLE = Automatic;
				DEVELOPMENT_TEAM = 8Q6HQ96RC4;
				INFOPLIST_FILE = "$(SRCROOT)/MarvelHeroes/Supporting Files/Info.plist";
				LD_RUNPATH_SEARCH_PATHS = "$(inherited) @executable_path/Frameworks";
				PRODUCT_BUNDLE_IDENTIFIER = net.haroldo.MarvelHeroes;
				PRODUCT_NAME = "$(TARGET_NAME)";
				SWIFT_VERSION = 4.0;
				TARGETED_DEVICE_FAMILY = "1,2";
			};
			name = Release;
		};
/* End XCBuildConfiguration section */

/* Begin XCConfigurationList section */
		63C15CCF20979F0500698998 /* Build configuration list for PBXProject "MarvelHeroes" */ = {
			isa = XCConfigurationList;
			buildConfigurations = (
				63C15CE720979F0700698998 /* Debug */,
				63C15CE820979F0700698998 /* Release */,
			);
			defaultConfigurationIsVisible = 0;
			defaultConfigurationName = Release;
		};
		63C15CE920979F0700698998 /* Build configuration list for PBXNativeTarget "MarvelHeroes" */ = {
			isa = XCConfigurationList;
			buildConfigurations = (
				63C15CEA20979F0700698998 /* Debug */,
				63C15CEB20979F0700698998 /* Release */,
			);
			defaultConfigurationIsVisible = 0;
			defaultConfigurationName = Release;
		};
/* End XCConfigurationList section */

/* Begin XCVersionGroup section */
		63C15CDE20979F0500698998 /* MarvelHeroes.xcdatamodeld */ = {
			isa = XCVersionGroup;
			children = (
				63C15CDF20979F0500698998 /* MarvelHeroes.xcdatamodel */,
			);
			currentVersion = 63C15CDF20979F0500698998 /* MarvelHeroes.xcdatamodel */;
			path = MarvelHeroes.xcdatamodeld;
			sourceTree = "<group>";
			versionGroupType = wrapper.xcdatamodel;
		};
/* End XCVersionGroup section */
	};
	rootObject = 63C15CCC20979F0500698998 /* Project object */;
}
