PODS:
  - Alamofire (4.7.2)
  - AlamofireObjectMapper (5.0.0):
    - Alamofire (~> 4.1)
    - ObjectMapper (~> 3.0)
  - AZCollectionViewController (0.1.2)
  - CryptoSwift (0.9.0)
  - ObjectMapper (3.1.0)
  - ReachabilitySwift (4.1.0)
  - SDWebImage (4.3.3):
    - SDWebImage/Core (= 4.3.3)
  - SDWebImage/Core (4.3.3)

DEPENDENCIES:
  - Alamofire
  - AlamofireObjectMapper
  - AZCollectionViewController
  - CryptoSwift
  - ReachabilitySwift
  - SDWebImage

SPEC REPOS:
  https://github.com/CocoaPods/Specs.git:
    - Alamofire
    - AlamofireObjectMapper
    - AZCollectionViewController
    - CryptoSwift
    - ObjectMapper
    - ReachabilitySwift
    - SDWebImage

SPEC CHECKSUMS:
  Alamofire: e4fa87002c137ba2d8d634d2c51fabcda0d5c223
  AlamofireObjectMapper: 5fafc816351cbbc0d486611aaeba7461c0cbad49
  AZCollectionViewController: e23e6350e9b957ee4eefc0cfeae19794ea007dfa
  CryptoSwift: bca8c5b653dcc2d9734409242a070ff53bafac86
  ObjectMapper: 20505058f54e5c3ca69e1d6de9897d152a5369a6
  ReachabilitySwift: 6849231cd4e06559f3b9ef4a97a0a0f96d41e09f
  SDWebImage: de4d90b5bff3571eae7bd16202b1f43135409fa5

PODFILE CHECKSUM: ffecc4d8b51fae97e4b0260b93e1eb0e48a42c72

COCOAPODS: 1.5.0
